<?xml version="1.0" encoding="utf-8"?>
<Project ToolsVersion="4.0" xmlns="http://schemas.microsoft.com/developer/msbuild/2003">
  <ItemGroup>
    <Filter Include="Fichiers sources">
      <UniqueIdentifier>{4FC737F1-C7A5-4376-A066-2A32D752A2FF}</UniqueIdentifier>
      <Extensions>cpp;c;cc;cxx;def;odl;idl;hpj;bat;asm;asmx</Extensions>
    </Filter>
    <Filter Include="Fichiers d%27en-tête">
      <UniqueIdentifier>{93995380-89BD-4b04-88EB-625FBE52EBFB}</UniqueIdentifier>
      <Extensions>h;hh;hpp;hxx;hm;inl;inc;xsd</Extensions>
    </Filter>
    <Filter Include="Fichiers de ressources">
      <UniqueIdentifier>{67DA6AB6-F800-4c08-8B7A-83BB121AAD01}</UniqueIdentifier>
      <Extensions>rc;ico;cur;bmp;dlg;rc2;rct;bin;rgs;gif;jpg;jpeg;jpe;resx;tiff;tif;png;wav;mfcribbon-ms</Extensions>
    </Filter>
    <Filter Include="Fichiers d%27en-tête\Math">
      <UniqueIdentifier>{92fa2af9-97c3-450c-b962-23b61c92be81}</UniqueIdentifier>
    </Filter>
    <Filter Include="Fichiers sources\Math">
      <UniqueIdentifier>{2394b27a-0c52-4558-a109-9ad4c80c561a}</UniqueIdentifier>
    </Filter>
    <Filter Include="Fichiers sources\Objects">
      <UniqueIdentifier>{826f61db-79ca-462a-884f-61692de6b4d9}</UniqueIdentifier>
    </Filter>
    <Filter Include="Fichiers d%27en-tête\Materials">
      <UniqueIdentifier>{cb0b9610-3b40-46fd-af91-64ee1b700c8b}</UniqueIdentifier>
    </Filter>
    <Filter Include="Fichiers sources\Materials">
      <UniqueIdentifier>{77cb1295-2482-44bd-9540-b4b4f910068a}</UniqueIdentifier>
    </Filter>
    <Filter Include="Fichiers sources\Utils">
      <UniqueIdentifier>{4a96cdc9-99a8-4ad5-a87a-18ec3c566982}</UniqueIdentifier>
    </Filter>
    <Filter Include="Fichiers d%27en-tête\Utils">
      <UniqueIdentifier>{7d7e678b-4611-4ebb-85f6-4b5d81792ed1}</UniqueIdentifier>
    </Filter>
    <Filter Include="Fichiers d%27en-tête\Cameras">
      <UniqueIdentifier>{b55209b5-845a-4c89-92e8-8ed82e6b4dcb}</UniqueIdentifier>
    </Filter>
    <Filter Include="Fichiers sources\Cameras">
      <UniqueIdentifier>{4db23616-a73c-4667-9274-017315d541dc}</UniqueIdentifier>
    </Filter>
    <Filter Include="Fichiers sources\Render">
      <UniqueIdentifier>{2a9bb285-a887-4d2e-bc2d-2c8d97110730}</UniqueIdentifier>
    </Filter>
    <Filter Include="Fichiers d%27en-tête\Render">
      <UniqueIdentifier>{3865c86e-b9d4-4bd4-a944-4edc5332308d}</UniqueIdentifier>
    </Filter>
    <Filter Include="Fichiers d%27en-tête\Objects">
      <UniqueIdentifier>{3ee4f217-0d78-4165-a316-5f8c177d4c20}</UniqueIdentifier>
    </Filter>
    <Filter Include="Fichiers d%27en-tête\UI">
      <UniqueIdentifier>{b39705b7-e16a-48ca-90a1-1e8a2d6baa07}</UniqueIdentifier>
    </Filter>
    <Filter Include="Fichiers sources\UI">
      <UniqueIdentifier>{744e54a8-1c57-4ba6-a448-b823dbd0cb12}</UniqueIdentifier>
    </Filter>
  </ItemGroup>
  <ItemGroup>
    <ClInclude Include="include\Math\Matrix3.h">
      <Filter>Fichiers d%27en-tête\Math</Filter>
    </ClInclude>
    <ClInclude Include="include\Math\Matrix4.h">
      <Filter>Fichiers d%27en-tête\Math</Filter>
    </ClInclude>
    <ClInclude Include="include\Math\Quaternion.h">
      <Filter>Fichiers d%27en-tête\Math</Filter>
    </ClInclude>
    <ClInclude Include="include\Math\Vector2.h">
      <Filter>Fichiers d%27en-tête\Math</Filter>
    </ClInclude>
    <ClInclude Include="include\Math\Vector3.h">
      <Filter>Fichiers d%27en-tête\Math</Filter>
    </ClInclude>
    <ClInclude Include="include\prerequisites.h">
      <Filter>Fichiers d%27en-tête</Filter>
    </ClInclude>
    <ClInclude Include="include\Math\Math.h">
      <Filter>Fichiers d%27en-tête\Math</Filter>
    </ClInclude>
    <ClInclude Include="include\Objects\Mesh.h">
      <Filter>Fichiers d%27en-tête\Objects</Filter>
    </ClInclude>
    <ClInclude Include="include\Objects\Geometry.h">
      <Filter>Fichiers d%27en-tête\Objects</Filter>
    </ClInclude>
    <ClInclude Include="include\Materials\Shader.h">
      <Filter>Fichiers d%27en-tête\Materials</Filter>
    </ClInclude>
    <ClInclude Include="include\Utils\Utils.h">
      <Filter>Fichiers d%27en-tête\Utils</Filter>
    </ClInclude>
    <ClInclude Include="include\Materials\Material.h">
      <Filter>Fichiers d%27en-tête\Materials</Filter>
    </ClInclude>
    <ClInclude Include="include\Materials\ShaderLoader.h">
      <Filter>Fichiers d%27en-tête\Materials</Filter>
    </ClInclude>
    <ClInclude Include="include\Materials\BasicMaterial.h">
      <Filter>Fichiers d%27en-tête\Materials</Filter>
    </ClInclude>
    <ClInclude Include="include\Objects\Object3D.h">
      <Filter>Fichiers d%27en-tête\Objects</Filter>
    </ClInclude>
    <ClInclude Include="include\Cameras\Camera.h">
      <Filter>Fichiers d%27en-tête\Cameras</Filter>
    </ClInclude>
    <ClInclude Include="include\Cameras\PerspectiveCamera.h">
      <Filter>Fichiers d%27en-tête\Cameras</Filter>
    </ClInclude>
    <ClInclude Include="include\Materials\Texture.h">
      <Filter>Fichiers d%27en-tête\Materials</Filter>
    </ClInclude>
    <ClInclude Include="include\Render\Renderer.h">
      <Filter>Fichiers d%27en-tête\Render</Filter>
    </ClInclude>
    <ClInclude Include="include\Objects\Scene.h">
      <Filter>Fichiers d%27en-tête\Objects</Filter>
    </ClInclude>
    <ClInclude Include="include\UI\Element.h">
      <Filter>Fichiers d%27en-tête\UI</Filter>
    </ClInclude>
    <ClInclude Include="include\UI\Button.h">
      <Filter>Fichiers d%27en-tête\UI</Filter>
    </ClInclude>
    <ClInclude Include="include\UI\Shapes.h">
      <Filter>Fichiers d%27en-tête\UI</Filter>
    </ClInclude>
    <ClInclude Include="include\UI\Structs.h">
      <Filter>Fichiers d%27en-tête\UI</Filter>
    </ClInclude>
    <ClInclude Include="include\UI\Panel.h">
      <Filter>Fichiers d%27en-tête\UI</Filter>
    </ClInclude>
    <ClInclude Include="include\UI\UI.h">
      <Filter>Fichiers d%27en-tête\UI</Filter>
    </ClInclude>
    <ClInclude Include="include\UI\Checkbox.h">
      <Filter>Fichiers d%27en-tête\UI</Filter>
    </ClInclude>
    <ClInclude Include="include\UI\InputText.h">
      <Filter>Fichiers d%27en-tête\UI</Filter>
    </ClInclude>
    <ClInclude Include="include\UI\Layout.h">
      <Filter>Fichiers d%27en-tête\UI</Filter>
    </ClInclude>
    <ClInclude Include="include\UI\UIManager.h">
      <Filter>Fichiers d%27en-tête\UI</Filter>
    </ClInclude>
    <ClInclude Include="include\UI\List.h">
      <Filter>Fichiers d%27en-tête\UI</Filter>
    </ClInclude>
    <ClInclude Include="include\Utils\Rect.h">
      <Filter>Fichiers d%27en-tête\Utils</Filter>
    </ClInclude>
    <ClInclude Include="include\Utils\freeglut_include.h">
      <Filter>Fichiers sources\Utils</Filter>
    </ClInclude>
  </ItemGroup>
  <ItemGroup>
    <ClCompile Include="src\Math\Vector3.cpp">
      <Filter>Fichiers sources\Math</Filter>
    </ClCompile>
    <ClCompile Include="src\Math\Quaternion.cpp">
      <Filter>Fichiers sources\Math</Filter>
    </ClCompile>
    <ClCompile Include="src\Math\Matrix3.cpp">
      <Filter>Fichiers sources\Math</Filter>
    </ClCompile>
    <ClCompile Include="src\Math\Matrix4.cpp">
      <Filter>Fichiers sources\Math</Filter>
    </ClCompile>
    <ClCompile Include="src\Math\Vector2.cpp">
      <Filter>Fichiers sources\Math</Filter>
    </ClCompile>
    <ClCompile Include="src\Math\Math.cpp">
      <Filter>Fichiers sources\Math</Filter>
    </ClCompile>
    <ClCompile Include="src\Utils\Utils.cpp">
      <Filter>Fichiers sources\Utils</Filter>
    </ClCompile>
    <ClCompile Include="src\Materials\Shader.cpp">
      <Filter>Fichiers sources\Materials</Filter>
    </ClCompile>
    <ClCompile Include="src\Materials\ShaderLoader.cpp">
      <Filter>Fichiers sources\Materials</Filter>
    </ClCompile>
    <ClCompile Include="src\Materials\Material.cpp">
      <Filter>Fichiers sources\Materials</Filter>
    </ClCompile>
    <ClCompile Include="src\Materials\BasicMaterial.cpp">
      <Filter>Fichiers sources\Materials</Filter>
    </ClCompile>
    <ClCompile Include="src\Cameras\Camera.cpp">
      <Filter>Fichiers sources\Cameras</Filter>
    </ClCompile>
    <ClCompile Include="src\Objects\Geometry.cpp">
      <Filter>Fichiers sources\Objects</Filter>
    </ClCompile>
    <ClCompile Include="src\Objects\Object3D.cpp">
      <Filter>Fichiers sources\Objects</Filter>
    </ClCompile>
    <ClCompile Include="src\Cameras\PerspectiveCamera.cpp">
      <Filter>Fichiers sources\Cameras</Filter>
    </ClCompile>
    <ClCompile Include="src\Objects\Mesh.cpp">
      <Filter>Fichiers sources\Objects</Filter>
    </ClCompile>
    <ClCompile Include="src\Materials\Texture.cpp">
      <Filter>Fichiers sources\Materials</Filter>
    </ClCompile>
    <ClCompile Include="src\Objects\Scene.cpp">
      <Filter>Fichiers sources\Objects</Filter>
    </ClCompile>
    <ClCompile Include="src\Render\Renderer.cpp">
      <Filter>Fichiers sources\Render</Filter>
    </ClCompile>
    <ClCompile Include="src\UI\Element.cpp">
      <Filter>Fichiers sources\UI</Filter>
    </ClCompile>
    <ClCompile Include="src\UI\Shapes.cpp">
      <Filter>Fichiers sources\UI</Filter>
    </ClCompile>
    <ClCompile Include="src\UI\Button.cpp">
      <Filter>Fichiers sources\UI</Filter>
    </ClCompile>
    <ClCompile Include="src\UI\Panel.cpp">
      <Filter>Fichiers sources\UI</Filter>
    </ClCompile>
    <ClCompile Include="src\UI\Checkbox.cpp">
      <Filter>Fichiers sources\UI</Filter>
    </ClCompile>
    <ClCompile Include="src\UI\InputText.cpp">
      <Filter>Fichiers sources\UI</Filter>
    </ClCompile>
    <ClCompile Include="src\UI\Layout.cpp">
      <Filter>Fichiers sources\UI</Filter>
    </ClCompile>
    <ClCompile Include="src\UI\UIManager.cpp">
      <Filter>Fichiers sources\UI</Filter>
    </ClCompile>
    <ClCompile Include="src\UI\List.cpp">
      <Filter>Fichiers sources\UI</Filter>
    </ClCompile>
    <ClCompile Include="src\Utils\Rect.cpp">
      <Filter>Fichiers sources\Utils</Filter>
    </ClCompile>
  </ItemGroup>
</Project>